{
  "requires": true,
  "lockfileVersion": 1,
  "dependencies": {
    "@ngrx/effects": {
      "version": "6.0.1",
      "resolved": "https://registry.npmjs.org/@ngrx/effects/-/effects-6.0.1.tgz",
      "integrity": "sha512-YS68D7E1qKbbOIzV6Iyfv6BY3CrTNi8nBgGJ6whTi6f7Y0apXySvNj9aOQyzuJsePWziu6h0uJhy2ZFT/iELyg=="
    },
    "@ngrx/store": {
      "version": "6.0.1",
      "resolved": "https://registry.npmjs.org/@ngrx/store/-/store-6.0.1.tgz",
      "integrity": "sha512-cSgfT8CgpOr6BOQac9M3DH6QQC5gxCVjdEcZH//Zn/kwdse86X73iK7KWv6B6AiIEdyVbFfggXNZwd/HiyLGOA=="
    },
    "@ngrx/store-devtools": {
      "version": "6.0.1",
      "resolved": "https://registry.npmjs.org/@ngrx/store-devtools/-/store-devtools-6.0.1.tgz",
      "integrity": "sha512-eZyguQvIltJuhCVgPPR1IyMAztykRuvGalwCH1G2ODWKGZPNrWlJbxVMqzUeSJTBS268RIFIkMTwEDKi/xCQoQ=="
    },
    "rxjs": {
      "version": "6.1.0",
      "resolved": "https://registry.npmjs.org/rxjs/-/rxjs-6.1.0.tgz",
      "integrity": "sha512-lMZdl6xbHJCSb5lmnb6nOhsoBVCyoDC5LDJQK9WWyq+tsI7KnlDIZ0r0AZAlBpRPLbwQA9kzSBAZwNIZEZ+hcw==",
      "requires": {
        "tslib": "^1.9.0"
      }
    },
    "tslib": {
      "version": "1.13.0",
      "resolved": "https://registry.npmjs.org/tslib/-/tslib-1.13.0.tgz",
      "integrity": "sha512-i/6DQjL8Xf3be4K/E6Wgpekn5Qasl1usyw++dAA35Ue5orEn65VIxOA+YvNNl9HV3qv70T7CNwjODHZrLwvd1Q=="
    }
  }
}
